
Microsoft Visual Studio Solution File, Format Version 12.00
# Visual Studio Version 17
VisualStudioVersion = 17.6.33723.286
MinimumVisualStudioVersion = 10.0.40219.1
Project("{FAE04EC0-301F-11D3-BF4B-00C04F79EFBC}") = "Core.Persistence", "Core.Persistence\Core.Persistence.csproj", "{90606EEC-89DC-4C9F-9A43-13A54D7F9956}"
EndProject
Global
	GlobalSection(SolutionConfigurationPlatforms) = preSolution
		Debug|Any CPU = Debug|Any CPU
		Release|Any CPU = Release|Any CPU
	EndGlobalSection
	GlobalSection(ProjectConfigurationPlatforms) = postSolution
		{90606EEC-89DC-4C9F-9A43-13A54D7F9956}.Debug|Any CPU.ActiveCfg = Debug|Any CPU
		{90606EEC-89DC-4C9F-9A43-13A54D7F9956}.Debug|Any CPU.Build.0 = Debug|Any CPU
		{90606EEC-89DC-4C9F-9A43-13A54D7F9956}.Release|Any CPU.ActiveCfg = Release|Any CPU
		{90606EEC-89DC-4C9F-9A43-13A54D7F9956}.Release|Any CPU.Build.0 = Release|Any CPU
	EndGlobalSection
	GlobalSection(SolutionProperties) = preSolution
		HideSolutionNode = FALSE
	EndGlobalSection
	GlobalSection(ExtensibilityGlobals) = postSolution
		SolutionGuid = {7782F6FE-7AA6-48FF-B350-3557DF8D8372}
	EndGlobalSection
EndGlobal
